Microsoft Visual Studio Solution File, Format Version 11.00
# Visual Studio 2008

Project("{1DC86A05-2B96-1B98-702E-4B44C45E0ABC}") = "SimpleProject Client", "Assembly-CSharp.csproj", "{DC51DD00-E69B-EC86-46CA-03DBB90637B0}"
EndProject
Global
	GlobalSection(SolutionConfigurationPlatforms) = preSolution
		Debug|Any CPU = Debug|Any CPU
		Release|Any CPU = Release|Any CPU
	EndGlobalSection
	GlobalSection(ProjectConfigurationPlatforms) = postSolution
		{DC51DD00-E69B-EC86-46CA-03DBB90637B0}.Debug|Any CPU.ActiveCfg = Debug|Any CPU
		{DC51DD00-E69B-EC86-46CA-03DBB90637B0}.Debug|Any CPU.Build.0 = Debug|Any CPU
		{DC51DD00-E69B-EC86-46CA-03DBB90637B0}.Release|Any CPU.ActiveCfg = Release|Any CPU
		{DC51DD00-E69B-EC86-46CA-03DBB90637B0}.Release|Any CPU.Build.0 = Release|Any CPU
	EndGlobalSection
	GlobalSection(SolutionProperties) = preSolution
		HideSolutionNode = FALSE
	EndGlobalSection
	GlobalSection(MonoDevelopProperties) = preSolution
		StartupItem = Assembly-CSharp.csproj
	EndGlobalSection
EndGlobal
